
Microsoft Visual Studio Solution File, Format Version 12.00
# Visual Studio Version 17
VisualStudioVersion = 17.10.34928.147
MinimumVisualStudioVersion = 10.0.40219.1
Project("{2150E333-8FDC-42A3-9474-1A3956D46DE8}") = "Services", "Services", "{011623F1-2B26-4171-BA54-4CA6EC27328D}"
EndProject
Project("{2150E333-8FDC-42A3-9474-1A3956D46DE8}") = "Catalog", "Catalog", "{8EB9CD3C-B776-40D0-8A2A-EE9C581C3D05}"
EndProject
Project("{9A19103F-16F7-4668-BE54-9A1E7A4F7556}") = "Catalog.API", "Services\Catalog\Catalog.API\Catalog.API.csproj", "{FB2EF170-EBB5-4EC3-B3A6-90967469D673}"
EndProject
Project("{2150E333-8FDC-42A3-9474-1A3956D46DE8}") = "BuildingBlocks", "BuildingBlocks", "{9F3E66A4-B419-4BCC-B31C-A4996C8A7528}"
EndProject
Project("{9A19103F-16F7-4668-BE54-9A1E7A4F7556}") = "BuildingBlocks", "BuildingBlocks\BuildingBlocks\BuildingBlocks.csproj", "{3A1B3A38-5FEF-4868-9712-3D7DAC421C5F}"
EndProject
Project("{E53339B2-1760-4266-BCC7-CA923CBCF16C}") = "docker-compose", "docker-compose.dcproj", "{5391FD2A-E426-4794-A949-0CC92D8AD19F}"
EndProject
Project("{2150E333-8FDC-42A3-9474-1A3956D46DE8}") = "Basket", "Basket", "{F49B1D5F-57D5-4B31-A87C-4C00F9C10C0F}"
EndProject
Project("{9A19103F-16F7-4668-BE54-9A1E7A4F7556}") = "Basket.API", "Services\Basket\Basket.API\Basket.API.csproj", "{A6F2F07B-5E66-49A1-BAE8-AA3515B7DCAD}"
EndProject
Project("{2150E333-8FDC-42A3-9474-1A3956D46DE8}") = "Discount", "Discount", "{CF21C3D1-3F7D-49B5-9870-3F216DF25F6C}"
EndProject
Project("{9A19103F-16F7-4668-BE54-9A1E7A4F7556}") = "Discount.Grpc", "Services\Discount\Discount.Grpc\Discount.Grpc.csproj", "{E0B66C5A-8F57-432C-8AA6-894D56713674}"
EndProject
Project("{2150E333-8FDC-42A3-9474-1A3956D46DE8}") = "Ordering", "Ordering", "{16394D36-B67E-438B-B70F-A9CB8BD08D6E}"
EndProject
Project("{9A19103F-16F7-4668-BE54-9A1E7A4F7556}") = "Ordering.API", "Services\Ordering\Ordering.API\Ordering.API.csproj", "{3A4AE171-0291-4D29-B331-F22854F72B15}"
EndProject
Project("{9A19103F-16F7-4668-BE54-9A1E7A4F7556}") = "Ordering.Domain", "Services\Ordering\Ordering.Domain\Ordering.Domain.csproj", "{D0D40580-967F-40E4-A8BD-DF5843BA5EBD}"
EndProject
Project("{9A19103F-16F7-4668-BE54-9A1E7A4F7556}") = "Ordering.Application", "Services\Ordering\Ordering.Application\Ordering.Application.csproj", "{06A8F952-3973-43BF-920C-C72829352339}"
EndProject
Project("{9A19103F-16F7-4668-BE54-9A1E7A4F7556}") = "Ordering.Infrastructure", "Services\Ordering\Ordering.Infrastructure\Ordering.Infrastructure.csproj", "{6BF1D5DE-9BE6-4844-BE0E-729509066836}"
EndProject
Project("{9A19103F-16F7-4668-BE54-9A1E7A4F7556}") = "BuildingBlocks.Messaging", "BuildingBlocks\BuildingBlocks.Messaging\BuildingBlocks.Messaging.csproj", "{5251746A-CC79-40BD-9631-BDDAE468DAC6}"
EndProject
Project("{2150E333-8FDC-42A3-9474-1A3956D46DE8}") = "ApiGateways", "ApiGateways", "{4B4C3EB1-ED5B-4439-8363-A667297E57B1}"
EndProject
Project("{FAE04EC0-301F-11D3-BF4B-00C04F79EFBC}") = "YarpApiGateway", "ApiGateways\YarpApiGateway\YarpApiGateway.csproj", "{EDD4F5B1-8E4A-4554-8195-B62542D2F64A}"
EndProject
Project("{2150E333-8FDC-42A3-9474-1A3956D46DE8}") = "WebApps", "WebApps", "{298DE81B-2CB6-417A-AE30-226DE38AF35C}"
EndProject
Project("{FAE04EC0-301F-11D3-BF4B-00C04F79EFBC}") = "Shopping.Web", "WebApps\Shopping.Web\Shopping.Web.csproj", "{8BEF641A-99A0-4064-A4BD-5222EE7C0A2D}"
EndProject
Global
	GlobalSection(SolutionConfigurationPlatforms) = preSolution
		Debug|Any CPU = Debug|Any CPU
		Release|Any CPU = Release|Any CPU
	EndGlobalSection
	GlobalSection(ProjectConfigurationPlatforms) = postSolution
		{FB2EF170-EBB5-4EC3-B3A6-90967469D673}.Debug|Any CPU.ActiveCfg = Debug|Any CPU
		{FB2EF170-EBB5-4EC3-B3A6-90967469D673}.Debug|Any CPU.Build.0 = Debug|Any CPU
		{FB2EF170-EBB5-4EC3-B3A6-90967469D673}.Release|Any CPU.ActiveCfg = Release|Any CPU
		{FB2EF170-EBB5-4EC3-B3A6-90967469D673}.Release|Any CPU.Build.0 = Release|Any CPU
		{3A1B3A38-5FEF-4868-9712-3D7DAC421C5F}.Debug|Any CPU.ActiveCfg = Debug|Any CPU
		{3A1B3A38-5FEF-4868-9712-3D7DAC421C5F}.Debug|Any CPU.Build.0 = Debug|Any CPU
		{3A1B3A38-5FEF-4868-9712-3D7DAC421C5F}.Release|Any CPU.ActiveCfg = Release|Any CPU
		{3A1B3A38-5FEF-4868-9712-3D7DAC421C5F}.Release|Any CPU.Build.0 = Release|Any CPU
		{5391FD2A-E426-4794-A949-0CC92D8AD19F}.Debug|Any CPU.ActiveCfg = Debug|Any CPU
		{5391FD2A-E426-4794-A949-0CC92D8AD19F}.Debug|Any CPU.Build.0 = Debug|Any CPU
		{5391FD2A-E426-4794-A949-0CC92D8AD19F}.Release|Any CPU.ActiveCfg = Release|Any CPU
		{5391FD2A-E426-4794-A949-0CC92D8AD19F}.Release|Any CPU.Build.0 = Release|Any CPU
		{A6F2F07B-5E66-49A1-BAE8-AA3515B7DCAD}.Debug|Any CPU.ActiveCfg = Debug|Any CPU
		{A6F2F07B-5E66-49A1-BAE8-AA3515B7DCAD}.Debug|Any CPU.Build.0 = Debug|Any CPU
		{A6F2F07B-5E66-49A1-BAE8-AA3515B7DCAD}.Release|Any CPU.ActiveCfg = Release|Any CPU
		{A6F2F07B-5E66-49A1-BAE8-AA3515B7DCAD}.Release|Any CPU.Build.0 = Release|Any CPU
		{E0B66C5A-8F57-432C-8AA6-894D56713674}.Debug|Any CPU.ActiveCfg = Debug|Any CPU
		{E0B66C5A-8F57-432C-8AA6-894D56713674}.Debug|Any CPU.Build.0 = Debug|Any CPU
		{E0B66C5A-8F57-432C-8AA6-894D56713674}.Release|Any CPU.ActiveCfg = Release|Any CPU
		{E0B66C5A-8F57-432C-8AA6-894D56713674}.Release|Any CPU.Build.0 = Release|Any CPU
		{3A4AE171-0291-4D29-B331-F22854F72B15}.Debug|Any CPU.ActiveCfg = Debug|Any CPU
		{3A4AE171-0291-4D29-B331-F22854F72B15}.Debug|Any CPU.Build.0 = Debug|Any CPU
		{3A4AE171-0291-4D29-B331-F22854F72B15}.Release|Any CPU.ActiveCfg = Release|Any CPU
		{3A4AE171-0291-4D29-B331-F22854F72B15}.Release|Any CPU.Build.0 = Release|Any CPU
		{D0D40580-967F-40E4-A8BD-DF5843BA5EBD}.Debug|Any CPU.ActiveCfg = Debug|Any CPU
		{D0D40580-967F-40E4-A8BD-DF5843BA5EBD}.Debug|Any CPU.Build.0 = Debug|Any CPU
		{D0D40580-967F-40E4-A8BD-DF5843BA5EBD}.Release|Any CPU.ActiveCfg = Release|Any CPU
		{D0D40580-967F-40E4-A8BD-DF5843BA5EBD}.Release|Any CPU.Build.0 = Release|Any CPU
		{06A8F952-3973-43BF-920C-C72829352339}.Debug|Any CPU.ActiveCfg = Debug|Any CPU
		{06A8F952-3973-43BF-920C-C72829352339}.Debug|Any CPU.Build.0 = Debug|Any CPU
		{06A8F952-3973-43BF-920C-C72829352339}.Release|Any CPU.ActiveCfg = Release|Any CPU
		{06A8F952-3973-43BF-920C-C72829352339}.Release|Any CPU.Build.0 = Release|Any CPU
		{6BF1D5DE-9BE6-4844-BE0E-729509066836}.Debug|Any CPU.ActiveCfg = Debug|Any CPU
		{6BF1D5DE-9BE6-4844-BE0E-729509066836}.Debug|Any CPU.Build.0 = Debug|Any CPU
		{6BF1D5DE-9BE6-4844-BE0E-729509066836}.Release|Any CPU.ActiveCfg = Release|Any CPU
		{6BF1D5DE-9BE6-4844-BE0E-729509066836}.Release|Any CPU.Build.0 = Release|Any CPU
		{5251746A-CC79-40BD-9631-BDDAE468DAC6}.Debug|Any CPU.ActiveCfg = Debug|Any CPU
		{5251746A-CC79-40BD-9631-BDDAE468DAC6}.Debug|Any CPU.Build.0 = Debug|Any CPU
		{5251746A-CC79-40BD-9631-BDDAE468DAC6}.Release|Any CPU.ActiveCfg = Release|Any CPU
		{5251746A-CC79-40BD-9631-BDDAE468DAC6}.Release|Any CPU.Build.0 = Release|Any CPU
		{EDD4F5B1-8E4A-4554-8195-B62542D2F64A}.Debug|Any CPU.ActiveCfg = Debug|Any CPU
		{EDD4F5B1-8E4A-4554-8195-B62542D2F64A}.Debug|Any CPU.Build.0 = Debug|Any CPU
		{EDD4F5B1-8E4A-4554-8195-B62542D2F64A}.Release|Any CPU.ActiveCfg = Release|Any CPU
		{EDD4F5B1-8E4A-4554-8195-B62542D2F64A}.Release|Any CPU.Build.0 = Release|Any CPU
		{8BEF641A-99A0-4064-A4BD-5222EE7C0A2D}.Debug|Any CPU.ActiveCfg = Debug|Any CPU
		{8BEF641A-99A0-4064-A4BD-5222EE7C0A2D}.Debug|Any CPU.Build.0 = Debug|Any CPU
		{8BEF641A-99A0-4064-A4BD-5222EE7C0A2D}.Release|Any CPU.ActiveCfg = Release|Any CPU
		{8BEF641A-99A0-4064-A4BD-5222EE7C0A2D}.Release|Any CPU.Build.0 = Release|Any CPU
	EndGlobalSection
	GlobalSection(SolutionProperties) = preSolution
		HideSolutionNode = FALSE
	EndGlobalSection
	GlobalSection(NestedProjects) = preSolution
		{8EB9CD3C-B776-40D0-8A2A-EE9C581C3D05} = {011623F1-2B26-4171-BA54-4CA6EC27328D}
		{FB2EF170-EBB5-4EC3-B3A6-90967469D673} = {8EB9CD3C-B776-40D0-8A2A-EE9C581C3D05}
		{3A1B3A38-5FEF-4868-9712-3D7DAC421C5F} = {9F3E66A4-B419-4BCC-B31C-A4996C8A7528}
		{F49B1D5F-57D5-4B31-A87C-4C00F9C10C0F} = {011623F1-2B26-4171-BA54-4CA6EC27328D}
		{A6F2F07B-5E66-49A1-BAE8-AA3515B7DCAD} = {F49B1D5F-57D5-4B31-A87C-4C00F9C10C0F}
		{CF21C3D1-3F7D-49B5-9870-3F216DF25F6C} = {011623F1-2B26-4171-BA54-4CA6EC27328D}
		{E0B66C5A-8F57-432C-8AA6-894D56713674} = {CF21C3D1-3F7D-49B5-9870-3F216DF25F6C}
		{16394D36-B67E-438B-B70F-A9CB8BD08D6E} = {011623F1-2B26-4171-BA54-4CA6EC27328D}
		{3A4AE171-0291-4D29-B331-F22854F72B15} = {16394D36-B67E-438B-B70F-A9CB8BD08D6E}
		{D0D40580-967F-40E4-A8BD-DF5843BA5EBD} = {16394D36-B67E-438B-B70F-A9CB8BD08D6E}
		{06A8F952-3973-43BF-920C-C72829352339} = {16394D36-B67E-438B-B70F-A9CB8BD08D6E}
		{6BF1D5DE-9BE6-4844-BE0E-729509066836} = {16394D36-B67E-438B-B70F-A9CB8BD08D6E}
		{5251746A-CC79-40BD-9631-BDDAE468DAC6} = {9F3E66A4-B419-4BCC-B31C-A4996C8A7528}
		{EDD4F5B1-8E4A-4554-8195-B62542D2F64A} = {4B4C3EB1-ED5B-4439-8363-A667297E57B1}
		{8BEF641A-99A0-4064-A4BD-5222EE7C0A2D} = {298DE81B-2CB6-417A-AE30-226DE38AF35C}
	EndGlobalSection
	GlobalSection(ExtensibilityGlobals) = postSolution
		SolutionGuid = {9CF838D9-64FC-4AA6-BC48-C24C73F058D7}
	EndGlobalSection
EndGlobal
